<?xml version="1.0" encoding="utf-8"?>
<Project ToolsVersion="4.0" xmlns="http://schemas.microsoft.com/developer/msbuild/2003">
  <ItemGroup>
    <Filter Include="assets">
      <UniqueIdentifier>{583885F2-44DA-AFC8-2D95-C31C19D63619}</UniqueIdentifier>
    </Filter>
    <Filter Include="core">
      <UniqueIdentifier>{4E40957C-3A77-960D-E363-7C10CF79120F}</UniqueIdentifier>
    </Filter>
    <Filter Include="debug">
      <UniqueIdentifier>{2CA5490F-98B9-71C0-613B-1520CD0E6EF1}</UniqueIdentifier>
    </Filter>
    <Filter Include="debug\imgui">
      <UniqueIdentifier>{96E37F9B-0299-F890-8B8D-F267F741EF94}</UniqueIdentifier>
    </Filter>
    <Filter Include="debug\logger">
      <UniqueIdentifier>{9BC59F12-8728-2FB7-30AE-676D1CF0FA39}</UniqueIdentifier>
    </Filter>
    <Filter Include="ecs">
      <UniqueIdentifier>{C06D880B-2C77-887C-B5F2-9E7C21FB937C}</UniqueIdentifier>
    </Filter>
    <Filter Include="events">
      <UniqueIdentifier>{5A9D08FC-463F-33D2-2FFA-46261B3BBA22}</UniqueIdentifier>
    </Filter>
    <Filter Include="misc">
      <UniqueIdentifier>{B1A29A7C-9DD9-9B0D-46C6-811032DC170F}</UniqueIdentifier>
    </Filter>
    <Filter Include="renderer">
      <UniqueIdentifier>{9C6AA017-8837-FB22-B150-E9CA9D7C30B1}</UniqueIdentifier>
    </Filter>
    <Filter Include="renderer\platform">
      <UniqueIdentifier>{90F210A6-FC08-0F3C-4580-9A5DB1D5DFC3}</UniqueIdentifier>
    </Filter>
    <Filter Include="renderer\platform\opengl">
      <UniqueIdentifier>{24325681-1057-A501-39A2-8A912526A41F}</UniqueIdentifier>
    </Filter>
  </ItemGroup>
  <ItemGroup>
    <ClInclude Include="src\assets\Asset.h">
      <Filter>assets</Filter>
    </ClInclude>
    <ClInclude Include="src\assets\AssetManager.h">
      <Filter>assets</Filter>
    </ClInclude>
    <ClInclude Include="src\assets\AssetPtr.h">
      <Filter>assets</Filter>
    </ClInclude>
    <ClInclude Include="src\core\Application.h">
      <Filter>core</Filter>
    </ClInclude>
    <ClInclude Include="src\core\ApplicationEvents.h">
      <Filter>core</Filter>
    </ClInclude>
    <ClInclude Include="src\core\EntryPoint.h">
      <Filter>core</Filter>
    </ClInclude>
    <ClInclude Include="src\core\GameTime.h">
      <Filter>core</Filter>
    </ClInclude>
    <ClInclude Include="src\core\eng.h">
      <Filter>core</Filter>
    </ClInclude>
    <ClInclude Include="src\debug\imgui\ImguiManager.h">
      <Filter>debug\imgui</Filter>
    </ClInclude>
    <ClInclude Include="src\debug\logger\Logger.h">
      <Filter>debug\logger</Filter>
    </ClInclude>
    <ClInclude Include="src\ecs\Entity.h">
      <Filter>ecs</Filter>
    </ClInclude>
    <ClInclude Include="src\ecs\Scene.h">
      <Filter>ecs</Filter>
    </ClInclude>
    <ClInclude Include="src\ecs\SceneManager.h">
      <Filter>ecs</Filter>
    </ClInclude>
    <ClInclude Include="src\engpch.h" />
    <ClInclude Include="src\events\Event.h">
      <Filter>events</Filter>
    </ClInclude>
    <ClInclude Include="src\misc\ApplicationVariables.h">
      <Filter>misc</Filter>
    </ClInclude>
    <ClInclude Include="src\misc\Test.h">
      <Filter>misc</Filter>
    </ClInclude>
    <ClInclude Include="src\misc\Utilities.h">
      <Filter>misc</Filter>
    </ClInclude>
    <ClInclude Include="src\renderer\Camera.h">
      <Filter>renderer</Filter>
    </ClInclude>
    <ClInclude Include="src\renderer\RenderConfig.h">
      <Filter>renderer</Filter>
    </ClInclude>
    <ClInclude Include="src\renderer\Renderer2D.h">
      <Filter>renderer</Filter>
    </ClInclude>
    <ClInclude Include="src\renderer\RenderingEvents.h">
      <Filter>renderer</Filter>
    </ClInclude>
    <ClInclude Include="src\renderer\platform\opengl\Buffer.h">
      <Filter>renderer\platform\opengl</Filter>
    </ClInclude>
    <ClInclude Include="src\renderer\platform\opengl\IndexBuffer.h">
      <Filter>renderer\platform\opengl</Filter>
    </ClInclude>
    <ClInclude Include="src\renderer\platform\opengl\OpenGLCallbacks.h">
      <Filter>renderer\platform\opengl</Filter>
    </ClInclude>
    <ClInclude Include="src\renderer\platform\opengl\RenderingAPI.h">
      <Filter>renderer\platform\opengl</Filter>
    </ClInclude>
    <ClInclude Include="src\renderer\platform\opengl\Shader.h">
      <Filter>renderer\platform\opengl</Filter>
    </ClInclude>
    <ClInclude Include="src\renderer\platform\opengl\Texture2D.h">
      <Filter>renderer\platform\opengl</Filter>
    </ClInclude>
    <ClInclude Include="src\renderer\platform\opengl\VertexArray.h">
      <Filter>renderer\platform\opengl</Filter>
    </ClInclude>
    <ClInclude Include="src\renderer\platform\opengl\VertexBuffer.h">
      <Filter>renderer\platform\opengl</Filter>
    </ClInclude>
    <ClInclude Include="src\renderer\platform\opengl\Window.h">
      <Filter>renderer\platform\opengl</Filter>
    </ClInclude>
    <ClInclude Include="vendor\stb_image\stb_image.h" />
    <ClInclude Include="src\ecs\CoreComponents.h" />
    <ClInclude Include="src\ecs\ScriptComponent.h" />
    <ClInclude Include="src\ecs\BehaviourScript.h" />
    <ClInclude Include="src\ecs\example scripts\PlayerController.h" />
  </ItemGroup>
  <ItemGroup>
    <ClCompile Include="src\assets\Asset.cpp">
      <Filter>assets</Filter>
    </ClCompile>
    <ClCompile Include="src\assets\AssetManager.cpp">
      <Filter>assets</Filter>
    </ClCompile>
    <ClCompile Include="src\core\Application.cpp">
      <Filter>core</Filter>
    </ClCompile>
    <ClCompile Include="src\core\ApplicationEvents.cpp">
      <Filter>core</Filter>
    </ClCompile>
    <ClCompile Include="src\core\GameTime.cpp">
      <Filter>core</Filter>
    </ClCompile>
    <ClCompile Include="src\debug\imgui\ImguiManager.cpp">
      <Filter>debug\imgui</Filter>
    </ClCompile>
    <ClCompile Include="src\debug\logger\Logger.cpp">
      <Filter>debug\logger</Filter>
    </ClCompile>
    <ClCompile Include="src\ecs\Entity.cpp">
      <Filter>ecs</Filter>
    </ClCompile>
    <ClCompile Include="src\ecs\Scene.cpp">
      <Filter>ecs</Filter>
    </ClCompile>
    <ClCompile Include="src\ecs\SceneManager.cpp">
      <Filter>ecs</Filter>
    </ClCompile>
    <ClCompile Include="src\engpch.cpp" />
    <ClCompile Include="src\misc\ApplicationVariables.cpp">
      <Filter>misc</Filter>
    </ClCompile>
    <ClCompile Include="src\misc\CameraController.cpp">
      <Filter>misc</Filter>
    </ClCompile>
    <ClCompile Include="src\misc\Test.cpp">
      <Filter>misc</Filter>
    </ClCompile>
    <ClCompile Include="src\renderer\Camera.cpp">
      <Filter>renderer</Filter>
    </ClCompile>
    <ClCompile Include="src\renderer\RenderConfig.cpp">
      <Filter>renderer</Filter>
    </ClCompile>
    <ClCompile Include="src\renderer\Renderer2D.cpp">
      <Filter>renderer</Filter>
    </ClCompile>
    <ClCompile Include="src\renderer\RenderingEvents.cpp">
      <Filter>renderer</Filter>
    </ClCompile>
    <ClCompile Include="src\renderer\platform\opengl\Buffer.cpp">
      <Filter>renderer\platform\opengl</Filter>
    </ClCompile>
    <ClCompile Include="src\renderer\platform\opengl\IndexBuffer.cpp">
      <Filter>renderer\platform\opengl</Filter>
    </ClCompile>
    <ClCompile Include="src\renderer\platform\opengl\OpenGLCallbacks.cpp">
      <Filter>renderer\platform\opengl</Filter>
    </ClCompile>
    <ClCompile Include="src\renderer\platform\opengl\RenderingAPI.cpp">
      <Filter>renderer\platform\opengl</Filter>
    </ClCompile>
    <ClCompile Include="src\renderer\platform\opengl\Shader.cpp">
      <Filter>renderer\platform\opengl</Filter>
    </ClCompile>
    <ClCompile Include="src\renderer\platform\opengl\Texture2D.cpp">
      <Filter>renderer\platform\opengl</Filter>
    </ClCompile>
    <ClCompile Include="src\renderer\platform\opengl\VertexArray.cpp">
      <Filter>renderer\platform\opengl</Filter>
    </ClCompile>
    <ClCompile Include="src\renderer\platform\opengl\VertexBuffer.cpp">
      <Filter>renderer\platform\opengl</Filter>
    </ClCompile>
    <ClCompile Include="src\renderer\platform\opengl\Window.cpp">
      <Filter>renderer\platform\opengl</Filter>
    </ClCompile>
    <ClCompile Include="vendor\stb_image\stb_image.cpp" />
    <ClCompile Include="src\ecs\example scripts\PlayerController.cpp" />
  </ItemGroup>
</Project>